
Microsoft Visual Studio Solution File, Format Version 12.00
# Visual Studio 15
VisualStudioVersion = 15.0.28307.1401
MinimumVisualStudioVersion = 10.0.40219.1
Project("{FAE04EC0-301F-11D3-BF4B-00C04F79EFBC}") = "SehirRehberi.Api", "SehirRehberi.Api\SehirRehberi.Api.csproj", "{1658226C-DB0B-40E2-83F0-51699056AFCA}"
EndProject
Global
	GlobalSection(SolutionConfigurationPlatforms) = preSolution
		Debug|Any CPU = Debug|Any CPU
		Release|Any CPU = Release|Any CPU
	EndGlobalSection
	GlobalSection(ProjectConfigurationPlatforms) = postSolution
		{1658226C-DB0B-40E2-83F0-51699056AFCA}.Debug|Any CPU.ActiveCfg = Debug|Any CPU
		{1658226C-DB0B-40E2-83F0-51699056AFCA}.Debug|Any CPU.Build.0 = Debug|Any CPU
		{1658226C-DB0B-40E2-83F0-51699056AFCA}.Release|Any CPU.ActiveCfg = Release|Any CPU
		{1658226C-DB0B-40E2-83F0-51699056AFCA}.Release|Any CPU.Build.0 = Release|Any CPU
	EndGlobalSection
	GlobalSection(SolutionProperties) = preSolution
		HideSolutionNode = FALSE
	EndGlobalSection
	GlobalSection(ExtensibilityGlobals) = postSolution
		SolutionGuid = {7D9C596B-C88F-4AD1-B6CB-D05244712C9B}
	EndGlobalSection
EndGlobal
